
Microsoft Visual Studio Solution File, Format Version 12.00
# Visual Studio Version 16
VisualStudioVersion = 16.0.29613.14
MinimumVisualStudioVersion = 10.0.40219.1
Project("{FAE04EC0-301F-11D3-BF4B-00C04F79EFBC}") = "AntiVirus", "AntiVirus\AntiVirus.csproj", "{B69FF784-936E-4519-80AA-A9675B16EDEE}"
EndProject
Global
	GlobalSection(SolutionConfigurationPlatforms) = preSolution
		Debug|Any CPU = Debug|Any CPU
		Release|Any CPU = Release|Any CPU
	EndGlobalSection
	GlobalSection(ProjectConfigurationPlatforms) = postSolution
		{B69FF784-936E-4519-80AA-A9675B16EDEE}.Debug|Any CPU.ActiveCfg = Debug|Any CPU
		{B69FF784-936E-4519-80AA-A9675B16EDEE}.Debug|Any CPU.Build.0 = Debug|Any CPU
		{B69FF784-936E-4519-80AA-A9675B16EDEE}.Release|Any CPU.ActiveCfg = Release|Any CPU
		{B69FF784-936E-4519-80AA-A9675B16EDEE}.Release|Any CPU.Build.0 = Release|Any CPU
	EndGlobalSection
	GlobalSection(SolutionProperties) = preSolution
		HideSolutionNode = FALSE
	EndGlobalSection
	GlobalSection(ExtensibilityGlobals) = postSolution
		SolutionGuid = {DDDC5A01-B9B0-4306-8F1F-AD61F02778E2}
	EndGlobalSection
EndGlobal
